
Microsoft Visual Studio Solution File, Format Version 12.00
# Visual Studio Version 16
VisualStudioVersion = 16.0.29418.71
MinimumVisualStudioVersion = 10.0.40219.1
Project("{FAE04EC0-301F-11D3-BF4B-00C04F79EFBC}") = "DiscordBotTTS", "DiscordBotTTS.csproj", "{B26B4355-3AD0-41AB-A92D-0F7B019BBF1C}"
EndProject
Global
	GlobalSection(SolutionConfigurationPlatforms) = preSolution
		Debug|Any CPU = Debug|Any CPU
		Release|Any CPU = Release|Any CPU
	EndGlobalSection
	GlobalSection(ProjectConfigurationPlatforms) = postSolution
		{B26B4355-3AD0-41AB-A92D-0F7B019BBF1C}.Debug|Any CPU.ActiveCfg = Debug|Any CPU
		{B26B4355-3AD0-41AB-A92D-0F7B019BBF1C}.Debug|Any CPU.Build.0 = Debug|Any CPU
		{B26B4355-3AD0-41AB-A92D-0F7B019BBF1C}.Release|Any CPU.ActiveCfg = Release|Any CPU
		{B26B4355-3AD0-41AB-A92D-0F7B019BBF1C}.Release|Any CPU.Build.0 = Release|Any CPU
	EndGlobalSection
	GlobalSection(SolutionProperties) = preSolution
		HideSolutionNode = FALSE
	EndGlobalSection
	GlobalSection(ExtensibilityGlobals) = postSolution
		SolutionGuid = {49B15D84-1F30-42D6-9993-4EE7ED15C601}
	EndGlobalSection
EndGlobal
